// !$*UTF8*$!
{
	archiveVersion = 1;
	classes = {
	};
	objectVersion = 50;
	objects = {

/* Begin PBXBuildFile section */
		03B8BD172086147F00C5AF47 /* AppDelegate.swift in Sources */ = {isa = PBXBuildFile; fileRef = 03B8BD162086147F00C5AF47 /* AppDelegate.swift */; };
		03B8BD192086147F00C5AF47 /* ViewController.swift in Sources */ = {isa = PBXBuildFile; fileRef = 03B8BD182086147F00C5AF47 /* ViewController.swift */; };
		03B8BD1C2086147F00C5AF47 /* Main.storyboard in Resources */ = {isa = PBXBuildFile; fileRef = 03B8BD1A2086147F00C5AF47 /* Main.storyboard */; };
		03B8BD1E2086148200C5AF47 /* Assets.xcassets in Resources */ = {isa = PBXBuildFile; fileRef = 03B8BD1D2086148200C5AF47 /* Assets.xcassets */; };
		03B8BD212086148200C5AF47 /* LaunchScreen.storyboard in Resources */ = {isa = PBXBuildFile; fileRef = 03B8BD1F2086148200C5AF47 /* LaunchScreen.storyboard */; };
		03B8BD2C2086148200C5AF47 /* Mobisem_UI3Tests.swift in Sources */ = {isa = PBXBuildFile; fileRef = 03B8BD2B2086148200C5AF47 /* Mobisem_UI3Tests.swift */; };
		03B8BD372086148200C5AF47 /* Mobisem_UI3UITests.swift in Sources */ = {isa = PBXBuildFile; fileRef = 03B8BD362086148200C5AF47 /* Mobisem_UI3UITests.swift */; };
/* End PBXBuildFile section */

/* Begin PBXContainerItemProxy section */
		03B8BD282086148200C5AF47 /* PBXContainerItemProxy */ = {
			isa = PBXContainerItemProxy;
			containerPortal = 03B8BD0B2086147F00C5AF47 /* Project object */;
			proxyType = 1;
			remoteGlobalIDString = 03B8BD122086147F00C5AF47;
			remoteInfo = "Mobisem-UI3";
		};
		03B8BD332086148200C5AF47 /* PBXContainerItemProxy */ = {
			isa = PBXContainerItemProxy;
			containerPortal = 03B8BD0B2086147F00C5AF47 /* Project object */;
			proxyType = 1;
			remoteGlobalIDString = 03B8BD122086147F00C5AF47;
			remoteInfo = "Mobisem-UI3";
		};
/* End PBXContainerItemProxy section */

/* Begin PBXFileReference section */
		03B8BD132086147F00C5AF47 /* Mobisem-UI3.app */ = {isa = PBXFileReference; explicitFileType = wrapper.application; includeInIndex = 0; path = "Mobisem-UI3.app"; sourceTree = BUILT_PRODUCTS_DIR; };
		03B8BD162086147F00C5AF47 /* AppDelegate.swift */ = {isa = PBXFileReference; lastKnownFileType = sourcecode.swift; path = AppDelegate.swift; sourceTree = "<group>"; };
		03B8BD182086147F00C5AF47 /* ViewController.swift */ = {isa = PBXFileReference; lastKnownFileType = sourcecode.swift; path = ViewController.swift; sourceTree = "<group>"; };
		03B8BD1B2086147F00C5AF47 /* Base */ = {isa = PBXFileReference; lastKnownFileType = file.storyboard; name = Base; path = Base.lproj/Main.storyboard; sourceTree = "<group>"; };
		03B8BD1D2086148200C5AF47 /* Assets.xcassets */ = {isa = PBXFileReference; lastKnownFileType = folder.assetcatalog; path = Assets.xcassets; sourceTree = "<group>"; };
		03B8BD202086148200C5AF47 /* Base */ = {isa = PBXFileReference; lastKnownFileType = file.storyboard; name = Base; path = Base.lproj/LaunchScreen.storyboard; sourceTree = "<group>"; };
		03B8BD222086148200C5AF47 /* Info.plist */ = {isa = PBXFileReference; lastKnownFileType = text.plist.xml; path = Info.plist; sourceTree = "<group>"; };
		03B8BD272086148200C5AF47 /* Mobisem-UI3Tests.xctest */ = {isa = PBXFileReference; explicitFileType = wrapper.cfbundle; includeInIndex = 0; path = "Mobisem-UI3Tests.xctest"; sourceTree = BUILT_PRODUCTS_DIR; };
		03B8BD2B2086148200C5AF47 /* Mobisem_UI3Tests.swift */ = {isa = PBXFileReference; lastKnownFileType = sourcecode.swift; path = Mobisem_UI3Tests.swift; sourceTree = "<group>"; };
		03B8BD2D2086148200C5AF47 /* Info.plist */ = {isa = PBXFileReference; lastKnownFileType = text.plist.xml; path = Info.plist; sourceTree = "<group>"; };
		03B8BD322086148200C5AF47 /* Mobisem-UI3UITests.xctest */ = {isa = PBXFileReference; explicitFileType = wrapper.cfbundle; includeInIndex = 0; path = "Mobisem-UI3UITests.xctest"; sourceTree = BUILT_PRODUCTS_DIR; };
		03B8BD362086148200C5AF47 /* Mobisem_UI3UITests.swift */ = {isa = PBXFileReference; lastKnownFileType = sourcecode.swift; path = Mobisem_UI3UITests.swift; sourceTree = "<group>"; };
		03B8BD382086148200C5AF47 /* Info.plist */ = {isa = PBXFileReference; lastKnownFileType = text.plist.xml; path = Info.plist; sourceTree = "<group>"; };
/* End PBXFileReference section */

/* Begin PBXFrameworksBuildPhase section */
		03B8BD102086147F00C5AF47 /* Frameworks */ = {
			isa = PBXFrameworksBuildPhase;
			buildActionMask = 2147483647;
			files = (
			);
			runOnlyForDeploymentPostprocessing = 0;
		};
		03B8BD242086148200C5AF47 /* Frameworks */ = {
			isa = PBXFrameworksBuildPhase;
			buildActionMask = 2147483647;
			files = (
			);
			runOnlyForDeploymentPostprocessing = 0;
		};
		03B8BD2F2086148200C5AF47 /* Frameworks */ = {
			isa = PBXFrameworksBuildPhase;
			buildActionMask = 2147483647;
			files = (
			);
			runOnlyForDeploymentPostprocessing = 0;
		};
/* End PBXFrameworksBuildPhase section */

/* Begin PBXGroup section */
		03B8BD0A2086147F00C5AF47 = {
			isa = PBXGroup;
			children = (
				03B8BD152086147F00C5AF47 /* Mobisem-UI3 */,
				03B8BD2A2086148200C5AF47 /* Mobisem-UI3Tests */,
				03B8BD352086148200C5AF47 /* Mobisem-UI3UITests */,
				03B8BD142086147F00C5AF47 /* Products */,
			);
			sourceTree = "<group>";
		};
		03B8BD142086147F00C5AF47 /* Products */ = {
			isa = PBXGroup;
			children = (
				03B8BD132086147F00C5AF47 /* Mobisem-UI3.app */,
				03B8BD272086148200C5AF47 /* Mobisem-UI3Tests.xctest */,
				03B8BD322086148200C5AF47 /* Mobisem-UI3UITests.xctest */,
			);
			name = Products;
			sourceTree = "<group>";
		};
		03B8BD152086147F00C5AF47 /* Mobisem-UI3 */ = {
			isa = PBXGroup;
			children = (
				03B8BD162086147F00C5AF47 /* AppDelegate.swift */,
				03B8BD182086147F00C5AF47 /* ViewController.swift */,
				03B8BD1A2086147F00C5AF47 /* Main.storyboard */,
				03B8BD1D2086148200C5AF47 /* Assets.xcassets */,
				03B8BD1F2086148200C5AF47 /* LaunchScreen.storyboard */,
				03B8BD222086148200C5AF47 /* Info.plist */,
			);
			path = "Mobisem-UI3";
			sourceTree = "<group>";
		};
		03B8BD2A2086148200C5AF47 /* Mobisem-UI3Tests */ = {
			isa = PBXGroup;
			children = (
				03B8BD2B2086148200C5AF47 /* Mobisem_UI3Tests.swift */,
				03B8BD2D2086148200C5AF47 /* Info.plist */,
			);
			path = "Mobisem-UI3Tests";
			sourceTree = "<group>";
		};
		03B8BD352086148200C5AF47 /* Mobisem-UI3UITests */ = {
			isa = PBXGroup;
			children = (
				03B8BD362086148200C5AF47 /* Mobisem_UI3UITests.swift */,
				03B8BD382086148200C5AF47 /* Info.plist */,
			);
			path = "Mobisem-UI3UITests";
			sourceTree = "<group>";
		};
/* End PBXGroup section */

/* Begin PBXNativeTarget section */
		03B8BD122086147F00C5AF47 /* Mobisem-UI3 */ = {
			isa = PBXNativeTarget;
			buildConfigurationList = 03B8BD3B2086148200C5AF47 /* Build configuration list for PBXNativeTarget "Mobisem-UI3" */;
			buildPhases = (
				03B8BD0F2086147F00C5AF47 /* Sources */,
				03B8BD102086147F00C5AF47 /* Frameworks */,
				03B8BD112086147F00C5AF47 /* Resources */,
			);
			buildRules = (
			);
			dependencies = (
			);
			name = "Mobisem-UI3";
			productName = "Mobisem-UI3";
			productReference = 03B8BD132086147F00C5AF47 /* Mobisem-UI3.app */;
			productType = "com.apple.product-type.application";
		};
		03B8BD262086148200C5AF47 /* Mobisem-UI3Tests */ = {
			isa = PBXNativeTarget;
			buildConfigurationList = 03B8BD3E2086148200C5AF47 /* Build configuration list for PBXNativeTarget "Mobisem-UI3Tests" */;
			buildPhases = (
				03B8BD232086148200C5AF47 /* Sources */,
				03B8BD242086148200C5AF47 /* Frameworks */,
				03B8BD252086148200C5AF47 /* Resources */,
			);
			buildRules = (
			);
			dependencies = (
				03B8BD292086148200C5AF47 /* PBXTargetDependency */,
			);
			name = "Mobisem-UI3Tests";
			productName = "Mobisem-UI3Tests";
			productReference = 03B8BD272086148200C5AF47 /* Mobisem-UI3Tests.xctest */;
			productType = "com.apple.product-type.bundle.unit-test";
		};
		03B8BD312086148200C5AF47 /* Mobisem-UI3UITests */ = {
			isa = PBXNativeTarget;
			buildConfigurationList = 03B8BD412086148200C5AF47 /* Build configuration list for PBXNativeTarget "Mobisem-UI3UITests" */;
			buildPhases = (
				03B8BD2E2086148200C5AF47 /* Sources */,
				03B8BD2F2086148200C5AF47 /* Frameworks */,
				03B8BD302086148200C5AF47 /* Resources */,
			);
			buildRules = (
			);
			dependencies = (
				03B8BD342086148200C5AF47 /* PBXTargetDependency */,
			);
			name = "Mobisem-UI3UITests";
			productName = "Mobisem-UI3UITests";
			productReference = 03B8BD322086148200C5AF47 /* Mobisem-UI3UITests.xctest */;
			productType = "com.apple.product-type.bundle.ui-testing";
		};
/* End PBXNativeTarget section */

/* Begin PBXProject section */
		03B8BD0B2086147F00C5AF47 /* Project object */ = {
			isa = PBXProject;
			attributes = {
				LastSwiftUpdateCheck = 0930;
				LastUpgradeCheck = 0930;
				ORGANIZATIONNAME = mkolcalar;
				TargetAttributes = {
					03B8BD122086147F00C5AF47 = {
						CreatedOnToolsVersion = 9.3;
					};
					03B8BD262086148200C5AF47 = {
						CreatedOnToolsVersion = 9.3;
						TestTargetID = 03B8BD122086147F00C5AF47;
					};
					03B8BD312086148200C5AF47 = {
						CreatedOnToolsVersion = 9.3;
						TestTargetID = 03B8BD122086147F00C5AF47;
					};
				};
			};
			buildConfigurationList = 03B8BD0E2086147F00C5AF47 /* Build configuration list for PBXProject "Mobisem-UI3" */;
			compatibilityVersion = "Xcode 9.3";
			developmentRegion = en;
			hasScannedForEncodings = 0;
			knownRegions = (
				en,
				Base,
			);
			mainGroup = 03B8BD0A2086147F00C5AF47;
			productRefGroup = 03B8BD142086147F00C5AF47 /* Products */;
			projectDirPath = "";
			projectRoot = "";
			targets = (
				03B8BD122086147F00C5AF47 /* Mobisem-UI3 */,
				03B8BD262086148200C5AF47 /* Mobisem-UI3Tests */,
				03B8BD312086148200C5AF47 /* Mobisem-UI3UITests */,
			);
		};
/* End PBXProject section */

/* Begin PBXResourcesBuildPhase section */
		03B8BD112086147F00C5AF47 /* Resources */ = {
			isa = PBXResourcesBuildPhase;
			buildActionMask = 2147483647;
			files = (
				03B8BD212086148200C5AF47 /* LaunchScreen.storyboard in Resources */,
				03B8BD1E2086148200C5AF47 /* Assets.xcassets in Resources */,
				03B8BD1C2086147F00C5AF47 /* Main.storyboard in Resources */,
			);
			runOnlyForDeploymentPostprocessing = 0;
		};
		03B8BD252086148200C5AF47 /* Resources */ = {
			isa = PBXResourcesBuildPhase;
			buildActionMask = 2147483647;
			files = (
			);
			runOnlyForDeploymentPostprocessing = 0;
		};
		03B8BD302086148200C5AF47 /* Resources */ = {
			isa = PBXResourcesBuildPhase;
			buildActionMask = 2147483647;
			files = (
			);
			runOnlyForDeploymentPostprocessing = 0;
		};
/* End PBXResourcesBuildPhase section */

/* Begin PBXSourcesBuildPhase section */
		03B8BD0F2086147F00C5AF47 /* Sources */ = {
			isa = PBXSourcesBuildPhase;
			buildActionMask = 2147483647;
			files = (
				03B8BD192086147F00C5AF47 /* ViewController.swift in Sources */,
				03B8BD172086147F00C5AF47 /* AppDelegate.swift in Sources */,
			);
			runOnlyForDeploymentPostprocessing = 0;
		};
		03B8BD232086148200C5AF47 /* Sources */ = {
			isa = PBXSourcesBuildPhase;
			buildActionMask = 2147483647;
			files = (
				03B8BD2C2086148200C5AF47 /* Mobisem_UI3Tests.swift in Sources */,
			);
			runOnlyForDeploymentPostprocessing = 0;
		};
		03B8BD2E2086148200C5AF47 /* Sources */ = {
			isa = PBXSourcesBuildPhase;
			buildActionMask = 2147483647;
			files = (
				03B8BD372086148200C5AF47 /* Mobisem_UI3UITests.swift in Sources */,
			);
			runOnlyForDeploymentPostprocessing = 0;
		};
/* End PBXSourcesBuildPhase section */

/* Begin PBXTargetDependency section */
		03B8BD292086148200C5AF47 /* PBXTargetDependency */ = {
			isa = PBXTargetDependency;
			target = 03B8BD122086147F00C5AF47 /* Mobisem-UI3 */;
			targetProxy = 03B8BD282086148200C5AF47 /* PBXContainerItemProxy */;
		};
		03B8BD342086148200C5AF47 /* PBXTargetDependency */ = {
			isa = PBXTargetDependency;
			target = 03B8BD122086147F00C5AF47 /* Mobisem-UI3 */;
			targetProxy = 03B8BD332086148200C5AF47 /* PBXContainerItemProxy */;
		};
/* End PBXTargetDependency section */

/* Begin PBXVariantGroup section */
		03B8BD1A2086147F00C5AF47 /* Main.storyboard */ = {
			isa = PBXVariantGroup;
			children = (
				03B8BD1B2086147F00C5AF47 /* Base */,
			);
			name = Main.storyboard;
			sourceTree = "<group>";
		};
		03B8BD1F2086148200C5AF47 /* LaunchScreen.storyboard */ = {
			isa = PBXVariantGroup;
			children = (
				03B8BD202086148200C5AF47 /* Base */,
			);
			name = LaunchScreen.storyboard;
			sourceTree = "<group>";
		};
/* End PBXVariantGroup section */

/* Begin XCBuildConfiguration section */
		03B8BD392086148200C5AF47 /* Debug */ = {
			isa = XCBuildConfiguration;
			buildSettings = {
				ALWAYS_SEARCH_USER_PATHS = NO;
				CLANG_ANALYZER_NONNULL = YES;
				CLANG_ANALYZER_NUMBER_OBJECT_CONVERSION = YES_AGGRESSIVE;
				CLANG_CXX_LANGUAGE_STANDARD = "gnu++14";
				CLANG_CXX_LIBRARY = "libc++";
				CLANG_ENABLE_MODULES = YES;
				CLANG_ENABLE_OBJC_ARC = YES;
				CLANG_ENABLE_OBJC_WEAK = YES;
				CLANG_WARN_BLOCK_CAPTURE_AUTORELEASING = YES;
				CLANG_WARN_BOOL_CONVERSION = YES;
				CLANG_WARN_COMMA = YES;
				CLANG_WARN_CONSTANT_CONVERSION = YES;
				CLANG_WARN_DEPRECATED_OBJC_IMPLEMENTATIONS = YES;
				CLANG_WARN_DIRECT_OBJC_ISA_USAGE = YES_ERROR;
				CLANG_WARN_DOCUMENTATION_COMMENTS = YES;
				CLANG_WARN_EMPTY_BODY = YES;
				CLANG_WARN_ENUM_CONVERSION = YES;
				CLANG_WARN_INFINITE_RECURSION = YES;
				CLANG_WARN_INT_CONVERSION = YES;
				CLANG_WARN_NON_LITERAL_NULL_CONVERSION = YES;
				CLANG_WARN_OBJC_IMPLICIT_RETAIN_SELF = YES;
				CLANG_WARN_OBJC_LITERAL_CONVERSION = YES;
				CLANG_WARN_OBJC_ROOT_CLASS = YES_ERROR;
				CLANG_WARN_RANGE_LOOP_ANALYSIS = YES;
				CLANG_WARN_STRICT_PROTOTYPES = YES;
				CLANG_WARN_SUSPICIOUS_MOVE = YES;
				CLANG_WARN_UNGUARDED_AVAILABILITY = YES_AGGRESSIVE;
				CLANG_WARN_UNREACHABLE_CODE = YES;
				CLANG_WARN__DUPLICATE_METHOD_MATCH = YES;
				CODE_SIGN_IDENTITY = "iPhone Developer";
				COPY_PHASE_STRIP = NO;
				DEBUG_INFORMATION_FORMAT = dwarf;
				ENABLE_STRICT_OBJC_MSGSEND = YES;
				ENABLE_TESTABILITY = YES;
				GCC_C_LANGUAGE_STANDARD = gnu11;
				GCC_DYNAMIC_NO_PIC = NO;
				GCC_NO_COMMON_BLOCKS = YES;
				GCC_OPTIMIZATION_LEVEL = 0;
				GCC_PREPROCESSOR_DEFINITIONS = (
					"DEBUG=1",
					"$(inherited)",
				);
				GCC_WARN_64_TO_32_BIT_CONVERSION = YES;
				GCC_WARN_ABOUT_RETURN_TYPE = YES_ERROR;
				GCC_WARN_UNDECLARED_SELECTOR = YES;
				GCC_WARN_UNINITIALIZED_AUTOS = YES_AGGRESSIVE;
				GCC_WARN_UNUSED_FUNCTION = YES;
				GCC_WARN_UNUSED_VARIABLE = YES;
				IPHONEOS_DEPLOYMENT_TARGET = 11.3;
				MTL_ENABLE_DEBUG_INFO = YES;
				ONLY_ACTIVE_ARCH = YES;
				SDKROOT = iphoneos;
				SWIFT_ACTIVE_COMPILATION_CONDITIONS = DEBUG;
				SWIFT_OPTIMIZATION_LEVEL = "-Onone";
			};
			name = Debug;
		};
		03B8BD3A2086148200C5AF47 /* Release */ = {
			isa = XCBuildConfiguration;
			buildSettings = {
				ALWAYS_SEARCH_USER_PATHS = NO;
				CLANG_ANALYZER_NONNULL = YES;
				CLANG_ANALYZER_NUMBER_OBJECT_CONVERSION = YES_AGGRESSIVE;
				CLANG_CXX_LANGUAGE_STANDARD = "gnu++14";
				CLANG_CXX_LIBRARY = "libc++";
				CLANG_ENABLE_MODULES = YES;
				CLANG_ENABLE_OBJC_ARC = YES;
				CLANG_ENABLE_OBJC_WEAK = YES;
				CLANG_WARN_BLOCK_CAPTURE_AUTORELEASING = YES;
				CLANG_WARN_BOOL_CONVERSION = YES;
				CLANG_WARN_COMMA = YES;
				CLANG_WARN_CONSTANT_CONVERSION = YES;
				CLANG_WARN_DEPRECATED_OBJC_IMPLEMENTATIONS = YES;
				CLANG_WARN_DIRECT_OBJC_ISA_USAGE = YES_ERROR;
				CLANG_WARN_DOCUMENTATION_COMMENTS = YES;
				CLANG_WARN_EMPTY_BODY = YES;
				CLANG_WARN_ENUM_CONVERSION = YES;
				CLANG_WARN_INFINITE_RECURSION = YES;
				CLANG_WARN_INT_CONVERSION = YES;
				CLANG_WARN_NON_LITERAL_NULL_CONVERSION = YES;
				CLANG_WARN_OBJC_IMPLICIT_RETAIN_SELF = YES;
				CLANG_WARN_OBJC_LITERAL_CONVERSION = YES;
				CLANG_WARN_OBJC_ROOT_CLASS = YES_ERROR;
				CLANG_WARN_RANGE_LOOP_ANALYSIS = YES;
				CLANG_WARN_STRICT_PROTOTYPES = YES;
				CLANG_WARN_SUSPICIOUS_MOVE = YES;
				CLANG_WARN_UNGUARDED_AVAILABILITY = YES_AGGRESSIVE;
				CLANG_WARN_UNREACHABLE_CODE = YES;
				CLANG_WARN__DUPLICATE_METHOD_MATCH = YES;
				CODE_SIGN_IDENTITY = "iPhone Developer";
				COPY_PHASE_STRIP = NO;
				DEBUG_INFORMATION_FORMAT = "dwarf-with-dsym";
				ENABLE_NS_ASSERTIONS = NO;
				ENABLE_STRICT_OBJC_MSGSEND = YES;
				GCC_C_LANGUAGE_STANDARD = gnu11;
				GCC_NO_COMMON_BLOCKS = YES;
				GCC_WARN_64_TO_32_BIT_CONVERSION = YES;
				GCC_WARN_ABOUT_RETURN_TYPE = YES_ERROR;
				GCC_WARN_UNDECLARED_SELECTOR = YES;
				GCC_WARN_UNINITIALIZED_AUTOS = YES_AGGRESSIVE;
				GCC_WARN_UNUSED_FUNCTION = YES;
				GCC_WARN_UNUSED_VARIABLE = YES;
				IPHONEOS_DEPLOYMENT_TARGET = 11.3;
				MTL_ENABLE_DEBUG_INFO = NO;
				SDKROOT = iphoneos;
				SWIFT_COMPILATION_MODE = wholemodule;
				SWIFT_OPTIMIZATION_LEVEL = "-O";
				VALIDATE_PRODUCT = YES;
			};
			name = Release;
		};
		03B8BD3C2086148200C5AF47 /* Debug */ = {
			isa = XCBuildConfiguration;
			buildSettings = {
				ASSETCATALOG_COMPILER_APPICON_NAME = AppIcon;
				CODE_SIGN_STYLE = Automatic;
				INFOPLIST_FILE = "Mobisem-UI3/Info.plist";
				LD_RUNPATH_SEARCH_PATHS = (
					"$(inherited)",
					"@executable_path/Frameworks",
				);
				PRODUCT_BUNDLE_IDENTIFIER = "Mobisem.Mobisem-UI3";
				PRODUCT_NAME = "$(TARGET_NAME)";
				SWIFT_VERSION = 4.0;
				TARGETED_DEVICE_FAMILY = "1,2";
			};
			name = Debug;
		};
		03B8BD3D2086148200C5AF47 /* Release */ = {
			isa = XCBuildConfiguration;
			buildSettings = {
				ASSETCATALOG_COMPILER_APPICON_NAME = AppIcon;
				CODE_SIGN_STYLE = Automatic;
				INFOPLIST_FILE = "Mobisem-UI3/Info.plist";
				LD_RUNPATH_SEARCH_PATHS = (
					"$(inherited)",
					"@executable_path/Frameworks",
				);
				PRODUCT_BUNDLE_IDENTIFIER = "Mobisem.Mobisem-UI3";
				PRODUCT_NAME = "$(TARGET_NAME)";
				SWIFT_VERSION = 4.0;
				TARGETED_DEVICE_FAMILY = "1,2";
			};
			name = Release;
		};
		03B8BD3F2086148200C5AF47 /* Debug */ = {
			isa = XCBuildConfiguration;
			buildSettings = {
				ALWAYS_EMBED_SWIFT_STANDARD_LIBRARIES = YES;
				BUNDLE_LOADER = "$(TEST_HOST)";
				CODE_SIGN_STYLE = Automatic;
				INFOPLIST_FILE = "Mobisem-UI3Tests/Info.plist";
				LD_RUNPATH_SEARCH_PATHS = (
					"$(inherited)",
					"@executable_path/Frameworks",
					"@loader_path/Frameworks",
				);
				PRODUCT_BUNDLE_IDENTIFIER = "Mobisem.Mobisem-UI3Tests";
				PRODUCT_NAME = "$(TARGET_NAME)";
				SWIFT_VERSION = 4.0;
				TARGETED_DEVICE_FAMILY = "1,2";
				TEST_HOST = "$(BUILT_PRODUCTS_DIR)/Mobisem-UI3.app/Mobisem-UI3";
			};
			name = Debug;
		};
		03B8BD402086148200C5AF47 /* Release */ = {
			isa = XCBuildConfiguration;
			buildSettings = {
				ALWAYS_EMBED_SWIFT_STANDARD_LIBRARIES = YES;
				BUNDLE_LOADER = "$(TEST_HOST)";
				CODE_SIGN_STYLE = Automatic;
				INFOPLIST_FILE = "Mobisem-UI3Tests/Info.plist";
				LD_RUNPATH_SEARCH_PATHS = (
					"$(inherited)",
					"@executable_path/Frameworks",
					"@loader_path/Frameworks",
				);
				PRODUCT_BUNDLE_IDENTIFIER = "Mobisem.Mobisem-UI3Tests";
				PRODUCT_NAME = "$(TARGET_NAME)";
				SWIFT_VERSION = 4.0;
				TARGETED_DEVICE_FAMILY = "1,2";
				TEST_HOST = "$(BUILT_PRODUCTS_DIR)/Mobisem-UI3.app/Mobisem-UI3";
			};
			name = Release;
		};
		03B8BD422086148200C5AF47 /* Debug */ = {
			isa = XCBuildConfiguration;
			buildSettings = {
				ALWAYS_EMBED_SWIFT_STANDARD_LIBRARIES = YES;
				CODE_SIGN_STYLE = Automatic;
				INFOPLIST_FILE = "Mobisem-UI3UITests/Info.plist";
				LD_RUNPATH_SEARCH_PATHS = (
					"$(inherited)",
					"@executable_path/Frameworks",
					"@loader_path/Frameworks",
				);
				PRODUCT_BUNDLE_IDENTIFIER = "Mobisem.Mobisem-UI3UITests";
				PRODUCT_NAME = "$(TARGET_NAME)";
				SWIFT_VERSION = 4.0;
				TARGETED_DEVICE_FAMILY = "1,2";
				TEST_TARGET_NAME = "Mobisem-UI3";
			};
			name = Debug;
		};
		03B8BD432086148200C5AF47 /* Release */ = {
			isa = XCBuildConfiguration;
			buildSettings = {
				ALWAYS_EMBED_SWIFT_STANDARD_LIBRARIES = YES;
				CODE_SIGN_STYLE = Automatic;
				INFOPLIST_FILE = "Mobisem-UI3UITests/Info.plist";
				LD_RUNPATH_SEARCH_PATHS = (
					"$(inherited)",
					"@executable_path/Frameworks",
					"@loader_path/Frameworks",
				);
				PRODUCT_BUNDLE_IDENTIFIER = "Mobisem.Mobisem-UI3UITests";
				PRODUCT_NAME = "$(TARGET_NAME)";
				SWIFT_VERSION = 4.0;
				TARGETED_DEVICE_FAMILY = "1,2";
				TEST_TARGET_NAME = "Mobisem-UI3";
			};
			name = Release;
		};
/* End XCBuildConfiguration section */

/* Begin XCConfigurationList section */
		03B8BD0E2086147F00C5AF47 /* Build configuration list for PBXProject "Mobisem-UI3" */ = {
			isa = XCConfigurationList;
			buildConfigurations = (
				03B8BD392086148200C5AF47 /* Debug */,
				03B8BD3A2086148200C5AF47 /* Release */,
			);
			defaultConfigurationIsVisible = 0;
			defaultConfigurationName = Release;
		};
		03B8BD3B2086148200C5AF47 /* Build configuration list for PBXNativeTarget "Mobisem-UI3" */ = {
			isa = XCConfigurationList;
			buildConfigurations = (
				03B8BD3C2086148200C5AF47 /* Debug */,
				03B8BD3D2086148200C5AF47 /* Release */,
			);
			defaultConfigurationIsVisible = 0;
			defaultConfigurationName = Release;
		};
		03B8BD3E2086148200C5AF47 /* Build configuration list for PBXNativeTarget "Mobisem-UI3Tests" */ = {
			isa = XCConfigurationList;
			buildConfigurations = (
				03B8BD3F2086148200C5AF47 /* Debug */,
				03B8BD402086148200C5AF47 /* Release */,
			);
			defaultConfigurationIsVisible = 0;
			defaultConfigurationName = Release;
		};
		03B8BD412086148200C5AF47 /* Build configuration list for PBXNativeTarget "Mobisem-UI3UITests" */ = {
			isa = XCConfigurationList;
			buildConfigurations = (
				03B8BD422086148200C5AF47 /* Debug */,
				03B8BD432086148200C5AF47 /* Release */,
			);
			defaultConfigurationIsVisible = 0;
			defaultConfigurationName = Release;
		};
/* End XCConfigurationList section */
	};
	rootObject = 03B8BD0B2086147F00C5AF47 /* Project object */;
}
